// !$*UTF8*$!
{
	archiveVersion = 1;
	classes = {
	};
	objectVersion = 55;
	objects = {

/* Begin PBXBuildFile section */
		4170C8CBE293D534B03849BE /* Pods_InstagramClone_InstagramCloneUITests.framework in Frameworks */ = {isa = PBXBuildFile; fileRef = 3EBC4F30F450D33BF70C9A02 /* Pods_InstagramClone_InstagramCloneUITests.framework */; };
		9A41DDA2B077B12ED2FE7906 /* Pods_InstagramCloneTests.framework in Frameworks */ = {isa = PBXBuildFile; fileRef = 73B45A9CD4BE0C64D3F3C26B /* Pods_InstagramCloneTests.framework */; };
		9C0512A32751C53E00950F67 /* UserCellViewModel.swift in Sources */ = {isa = PBXBuildFile; fileRef = 9C0512A22751C53E00950F67 /* UserCellViewModel.swift */; };
		9C24DBF627459081001A6F97 /* AppDelegate.swift in Sources */ = {isa = PBXBuildFile; fileRef = 9C24DBF527459081001A6F97 /* AppDelegate.swift */; };
		9C24DBF827459081001A6F97 /* SceneDelegate.swift in Sources */ = {isa = PBXBuildFile; fileRef = 9C24DBF727459081001A6F97 /* SceneDelegate.swift */; };
		9C24DBFA27459081001A6F97 /* ViewController.swift in Sources */ = {isa = PBXBuildFile; fileRef = 9C24DBF927459081001A6F97 /* ViewController.swift */; };
		9C24DBFD27459081001A6F97 /* Main.storyboard in Resources */ = {isa = PBXBuildFile; fileRef = 9C24DBFB27459081001A6F97 /* Main.storyboard */; };
		9C24DC0027459081001A6F97 /* InstagramClone.xcdatamodeld in Sources */ = {isa = PBXBuildFile; fileRef = 9C24DBFE27459081001A6F97 /* InstagramClone.xcdatamodeld */; };
		9C24DC0527459082001A6F97 /* LaunchScreen.storyboard in Resources */ = {isa = PBXBuildFile; fileRef = 9C24DC0327459082001A6F97 /* LaunchScreen.storyboard */; };
		9C24DC1027459082001A6F97 /* InstagramCloneTests.swift in Sources */ = {isa = PBXBuildFile; fileRef = 9C24DC0F27459082001A6F97 /* InstagramCloneTests.swift */; };
		9C24DC1A27459082001A6F97 /* InstagramCloneUITests.swift in Sources */ = {isa = PBXBuildFile; fileRef = 9C24DC1927459082001A6F97 /* InstagramCloneUITests.swift */; };
		9C24DC1C27459082001A6F97 /* InstagramCloneUITestsLaunchTests.swift in Sources */ = {isa = PBXBuildFile; fileRef = 9C24DC1B27459082001A6F97 /* InstagramCloneUITestsLaunchTests.swift */; };
		9C24DC2F27459646001A6F97 /* MainTabController.swift in Sources */ = {isa = PBXBuildFile; fileRef = 9C24DC2E27459646001A6F97 /* MainTabController.swift */; };
		9C24DC3127459975001A6F97 /* FeedController.swift in Sources */ = {isa = PBXBuildFile; fileRef = 9C24DC3027459975001A6F97 /* FeedController.swift */; };
		9C24DC3327459980001A6F97 /* SearchController.swift in Sources */ = {isa = PBXBuildFile; fileRef = 9C24DC3227459980001A6F97 /* SearchController.swift */; };
		9C24DC352745998C001A6F97 /* ImageSelectorController.swift in Sources */ = {isa = PBXBuildFile; fileRef = 9C24DC342745998C001A6F97 /* ImageSelectorController.swift */; };
		9C24DC3727459996001A6F97 /* NotificationController.swift in Sources */ = {isa = PBXBuildFile; fileRef = 9C24DC3627459996001A6F97 /* NotificationController.swift */; };
		9C24DC392745999D001A6F97 /* ProfileController.swift in Sources */ = {isa = PBXBuildFile; fileRef = 9C24DC382745999D001A6F97 /* ProfileController.swift */; };
		9C24DC3B27459ED4001A6F97 /* Assets.xcassets in Resources */ = {isa = PBXBuildFile; fileRef = 9C24DC3A27459ED4001A6F97 /* Assets.xcassets */; };
		9C24DC3D2745BF4A001A6F97 /* FeedCell.swift in Sources */ = {isa = PBXBuildFile; fileRef = 9C24DC3C2745BF4A001A6F97 /* FeedCell.swift */; };
		9C24DC402745C0A3001A6F97 /* Extensions.swift in Sources */ = {isa = PBXBuildFile; fileRef = 9C24DC3F2745C0A3001A6F97 /* Extensions.swift */; };
		9C24DC432745C0FD001A6F97 /* Algorithms in Frameworks */ = {isa = PBXBuildFile; productRef = 9C24DC422745C0FD001A6F97 /* Algorithms */; };
		9C7346E0274B17A300818E5B /* GoogleService-Info.plist in Resources */ = {isa = PBXBuildFile; fileRef = 9C7346DF274B17A300818E5B /* GoogleService-Info.plist */; };
		9C7346E1274B17A300818E5B /* GoogleService-Info.plist in Resources */ = {isa = PBXBuildFile; fileRef = 9C7346DF274B17A300818E5B /* GoogleService-Info.plist */; };
		9C7346E2274B17A300818E5B /* GoogleService-Info.plist in Resources */ = {isa = PBXBuildFile; fileRef = 9C7346DF274B17A300818E5B /* GoogleService-Info.plist */; };
		9C7346E4274C339800818E5B /* ProfileCell.swift in Sources */ = {isa = PBXBuildFile; fileRef = 9C7346E3274C339800818E5B /* ProfileCell.swift */; };
		9C7346E5274C339800818E5B /* ProfileCell.swift in Sources */ = {isa = PBXBuildFile; fileRef = 9C7346E3274C339800818E5B /* ProfileCell.swift */; };
		9C7346E6274C339800818E5B /* ProfileCell.swift in Sources */ = {isa = PBXBuildFile; fileRef = 9C7346E3274C339800818E5B /* ProfileCell.swift */; };
		9C7346E8274C342300818E5B /* ProfileHeader.swift in Sources */ = {isa = PBXBuildFile; fileRef = 9C7346E7274C342300818E5B /* ProfileHeader.swift */; };
		9C7346E9274C342300818E5B /* ProfileHeader.swift in Sources */ = {isa = PBXBuildFile; fileRef = 9C7346E7274C342300818E5B /* ProfileHeader.swift */; };
		9C7346EA274C342300818E5B /* ProfileHeader.swift in Sources */ = {isa = PBXBuildFile; fileRef = 9C7346E7274C342300818E5B /* ProfileHeader.swift */; };
		9C7346EC274C649100818E5B /* UserService.swift in Sources */ = {isa = PBXBuildFile; fileRef = 9C7346EB274C649100818E5B /* UserService.swift */; };
		9C7346ED274C649100818E5B /* UserService.swift in Sources */ = {isa = PBXBuildFile; fileRef = 9C7346EB274C649100818E5B /* UserService.swift */; };
		9C7346EE274C649100818E5B /* UserService.swift in Sources */ = {isa = PBXBuildFile; fileRef = 9C7346EB274C649100818E5B /* UserService.swift */; };
		9C7346F0274C679100818E5B /* User.swift in Sources */ = {isa = PBXBuildFile; fileRef = 9C7346EF274C679100818E5B /* User.swift */; };
		9C7346F1274C679100818E5B /* User.swift in Sources */ = {isa = PBXBuildFile; fileRef = 9C7346EF274C679100818E5B /* User.swift */; };
		9C7346F2274C679100818E5B /* User.swift in Sources */ = {isa = PBXBuildFile; fileRef = 9C7346EF274C679100818E5B /* User.swift */; };
		9C7346F4274C6B1E00818E5B /* ProfileHeaderViewModel.swift in Sources */ = {isa = PBXBuildFile; fileRef = 9C7346F3274C6B1E00818E5B /* ProfileHeaderViewModel.swift */; };
		9C7346F5274C6B1E00818E5B /* ProfileHeaderViewModel.swift in Sources */ = {isa = PBXBuildFile; fileRef = 9C7346F3274C6B1E00818E5B /* ProfileHeaderViewModel.swift */; };
		9C7346F6274C6B1E00818E5B /* ProfileHeaderViewModel.swift in Sources */ = {isa = PBXBuildFile; fileRef = 9C7346F3274C6B1E00818E5B /* ProfileHeaderViewModel.swift */; };
		9CABEF0627484C010022169D /* LoginController.swift in Sources */ = {isa = PBXBuildFile; fileRef = 9CABEF0527484C010022169D /* LoginController.swift */; };
		9CABEF0827484C0E0022169D /* RegistrationController.swift in Sources */ = {isa = PBXBuildFile; fileRef = 9CABEF0727484C0E0022169D /* RegistrationController.swift */; };
		9CABEF0B274866680022169D /* AuthTextField.swift in Sources */ = {isa = PBXBuildFile; fileRef = 9CABEF0A274866680022169D /* AuthTextField.swift */; };
		9CABEF0D27486D040022169D /* AuthButton.swift in Sources */ = {isa = PBXBuildFile; fileRef = 9CABEF0C27486D040022169D /* AuthButton.swift */; };
		9CABEF0F274971340022169D /* AuthViewModel.swift in Sources */ = {isa = PBXBuildFile; fileRef = 9CABEF0E274971340022169D /* AuthViewModel.swift */; };
		9CD167A1274AF98F0057D3D3 /* ImageUploader.swift in Sources */ = {isa = PBXBuildFile; fileRef = 9CD167A0274AF98F0057D3D3 /* ImageUploader.swift */; };
		9CD167A3274AF99B0057D3D3 /* AuthService.swift in Sources */ = {isa = PBXBuildFile; fileRef = 9CD167A2274AF99A0057D3D3 /* AuthService.swift */; };
		9CFC988C274EDD6E00E20E22 /* UserCell.swift in Sources */ = {isa = PBXBuildFile; fileRef = 9CFC988B274EDD6E00E20E22 /* UserCell.swift */; };
		F561AEBB6C09E7014A7EB818 /* Pods_InstagramClone.framework in Frameworks */ = {isa = PBXBuildFile; fileRef = 22EF417A8B1F60C6793BFD7B /* Pods_InstagramClone.framework */; };
/* End PBXBuildFile section */

/* Begin PBXContainerItemProxy section */
		9C24DC0C27459082001A6F97 /* PBXContainerItemProxy */ = {
			isa = PBXContainerItemProxy;
			containerPortal = 9C24DBEA27459081001A6F97 /* Project object */;
			proxyType = 1;
			remoteGlobalIDString = 9C24DBF127459081001A6F97;
			remoteInfo = InstagramClone;
		};
		9C24DC1627459082001A6F97 /* PBXContainerItemProxy */ = {
			isa = PBXContainerItemProxy;
			containerPortal = 9C24DBEA27459081001A6F97 /* Project object */;
			proxyType = 1;
			remoteGlobalIDString = 9C24DBF127459081001A6F97;
			remoteInfo = InstagramClone;
		};
/* End PBXContainerItemProxy section */

/* Begin PBXFileReference section */
		22EF417A8B1F60C6793BFD7B /* Pods_InstagramClone.framework */ = {isa = PBXFileReference; explicitFileType = wrapper.framework; includeInIndex = 0; path = Pods_InstagramClone.framework; sourceTree = BUILT_PRODUCTS_DIR; };
		30E5C63D877F6B866ECF02C1 /* Pods-InstagramCloneTests.release.xcconfig */ = {isa = PBXFileReference; includeInIndex = 1; lastKnownFileType = text.xcconfig; name = "Pods-InstagramCloneTests.release.xcconfig"; path = "Target Support Files/Pods-InstagramCloneTests/Pods-InstagramCloneTests.release.xcconfig"; sourceTree = "<group>"; };
		3E3A19A3D96688027F2917AE /* Pods-InstagramClone-InstagramCloneUITests.debug.xcconfig */ = {isa = PBXFileReference; includeInIndex = 1; lastKnownFileType = text.xcconfig; name = "Pods-InstagramClone-InstagramCloneUITests.debug.xcconfig"; path = "Target Support Files/Pods-InstagramClone-InstagramCloneUITests/Pods-InstagramClone-InstagramCloneUITests.debug.xcconfig"; sourceTree = "<group>"; };
		3EBC4F30F450D33BF70C9A02 /* Pods_InstagramClone_InstagramCloneUITests.framework */ = {isa = PBXFileReference; explicitFileType = wrapper.framework; includeInIndex = 0; path = Pods_InstagramClone_InstagramCloneUITests.framework; sourceTree = BUILT_PRODUCTS_DIR; };
		437EC0A5C5BB486662D45961 /* Pods-InstagramClone.release.xcconfig */ = {isa = PBXFileReference; includeInIndex = 1; lastKnownFileType = text.xcconfig; name = "Pods-InstagramClone.release.xcconfig"; path = "Target Support Files/Pods-InstagramClone/Pods-InstagramClone.release.xcconfig"; sourceTree = "<group>"; };
		4F77461A41FC31CA238339E7 /* Pods-InstagramCloneTests.debug.xcconfig */ = {isa = PBXFileReference; includeInIndex = 1; lastKnownFileType = text.xcconfig; name = "Pods-InstagramCloneTests.debug.xcconfig"; path = "Target Support Files/Pods-InstagramCloneTests/Pods-InstagramCloneTests.debug.xcconfig"; sourceTree = "<group>"; };
		550C0393F3ABF42EE3FFC162 /* Pods-InstagramClone.debug.xcconfig */ = {isa = PBXFileReference; includeInIndex = 1; lastKnownFileType = text.xcconfig; name = "Pods-InstagramClone.debug.xcconfig"; path = "Target Support Files/Pods-InstagramClone/Pods-InstagramClone.debug.xcconfig"; sourceTree = "<group>"; };
		73B45A9CD4BE0C64D3F3C26B /* Pods_InstagramCloneTests.framework */ = {isa = PBXFileReference; explicitFileType = wrapper.framework; includeInIndex = 0; path = Pods_InstagramCloneTests.framework; sourceTree = BUILT_PRODUCTS_DIR; };
		9C0512A22751C53E00950F67 /* UserCellViewModel.swift */ = {isa = PBXFileReference; lastKnownFileType = sourcecode.swift; path = UserCellViewModel.swift; sourceTree = "<group>"; };
		9C24DBF227459081001A6F97 /* InstagramClone.app */ = {isa = PBXFileReference; explicitFileType = wrapper.application; includeInIndex = 0; path = InstagramClone.app; sourceTree = BUILT_PRODUCTS_DIR; };
		9C24DBF527459081001A6F97 /* AppDelegate.swift */ = {isa = PBXFileReference; lastKnownFileType = sourcecode.swift; path = AppDelegate.swift; sourceTree = "<group>"; };
		9C24DBF727459081001A6F97 /* SceneDelegate.swift */ = {isa = PBXFileReference; lastKnownFileType = sourcecode.swift; path = SceneDelegate.swift; sourceTree = "<group>"; };
		9C24DBF927459081001A6F97 /* ViewController.swift */ = {isa = PBXFileReference; lastKnownFileType = sourcecode.swift; path = ViewController.swift; sourceTree = "<group>"; };
		9C24DBFC27459081001A6F97 /* Base */ = {isa = PBXFileReference; lastKnownFileType = file.storyboard; name = Base; path = Base.lproj/Main.storyboard; sourceTree = "<group>"; };
		9C24DBFF27459081001A6F97 /* InstagramClone.xcdatamodel */ = {isa = PBXFileReference; lastKnownFileType = wrapper.xcdatamodel; path = InstagramClone.xcdatamodel; sourceTree = "<group>"; };
		9C24DC0427459082001A6F97 /* Base */ = {isa = PBXFileReference; lastKnownFileType = file.storyboard; name = Base; path = Base.lproj/LaunchScreen.storyboard; sourceTree = "<group>"; };
		9C24DC0627459082001A6F97 /* Info.plist */ = {isa = PBXFileReference; lastKnownFileType = text.plist.xml; path = Info.plist; sourceTree = "<group>"; };
		9C24DC0B27459082001A6F97 /* InstagramCloneTests.xctest */ = {isa = PBXFileReference; explicitFileType = wrapper.cfbundle; includeInIndex = 0; path = InstagramCloneTests.xctest; sourceTree = BUILT_PRODUCTS_DIR; };
		9C24DC0F27459082001A6F97 /* InstagramCloneTests.swift */ = {isa = PBXFileReference; lastKnownFileType = sourcecode.swift; path = InstagramCloneTests.swift; sourceTree = "<group>"; };
		9C24DC1527459082001A6F97 /* InstagramCloneUITests.xctest */ = {isa = PBXFileReference; explicitFileType = wrapper.cfbundle; includeInIndex = 0; path = InstagramCloneUITests.xctest; sourceTree = BUILT_PRODUCTS_DIR; };
		9C24DC1927459082001A6F97 /* InstagramCloneUITests.swift */ = {isa = PBXFileReference; lastKnownFileType = sourcecode.swift; path = InstagramCloneUITests.swift; sourceTree = "<group>"; };
		9C24DC1B27459082001A6F97 /* InstagramCloneUITestsLaunchTests.swift */ = {isa = PBXFileReference; lastKnownFileType = sourcecode.swift; path = InstagramCloneUITestsLaunchTests.swift; sourceTree = "<group>"; };
		9C24DC2E27459646001A6F97 /* MainTabController.swift */ = {isa = PBXFileReference; lastKnownFileType = sourcecode.swift; path = MainTabController.swift; sourceTree = "<group>"; };
		9C24DC3027459975001A6F97 /* FeedController.swift */ = {isa = PBXFileReference; lastKnownFileType = sourcecode.swift; path = FeedController.swift; sourceTree = "<group>"; };
		9C24DC3227459980001A6F97 /* SearchController.swift */ = {isa = PBXFileReference; lastKnownFileType = sourcecode.swift; path = SearchController.swift; sourceTree = "<group>"; };
		9C24DC342745998C001A6F97 /* ImageSelectorController.swift */ = {isa = PBXFileReference; lastKnownFileType = sourcecode.swift; path = ImageSelectorController.swift; sourceTree = "<group>"; };
		9C24DC3627459996001A6F97 /* NotificationController.swift */ = {isa = PBXFileReference; lastKnownFileType = sourcecode.swift; path = NotificationController.swift; sourceTree = "<group>"; };
		9C24DC382745999D001A6F97 /* ProfileController.swift */ = {isa = PBXFileReference; lastKnownFileType = sourcecode.swift; path = ProfileController.swift; sourceTree = "<group>"; };
		9C24DC3A27459ED4001A6F97 /* Assets.xcassets */ = {isa = PBXFileReference; lastKnownFileType = folder.assetcatalog; name = Assets.xcassets; path = ../../../Downloads/Assets.xcassets; sourceTree = "<group>"; };
		9C24DC3C2745BF4A001A6F97 /* FeedCell.swift */ = {isa = PBXFileReference; lastKnownFileType = sourcecode.swift; path = FeedCell.swift; sourceTree = "<group>"; };
		9C24DC3F2745C0A3001A6F97 /* Extensions.swift */ = {isa = PBXFileReference; fileEncoding = 4; lastKnownFileType = sourcecode.swift; name = Extensions.swift; path = ../../../../Downloads/Extensions.swift; sourceTree = "<group>"; };
		9C7346DF274B17A300818E5B /* GoogleService-Info.plist */ = {isa = PBXFileReference; fileEncoding = 4; lastKnownFileType = text.plist.xml; path = "GoogleService-Info.plist"; sourceTree = "<group>"; };
		9C7346E3274C339800818E5B /* ProfileCell.swift */ = {isa = PBXFileReference; lastKnownFileType = sourcecode.swift; path = ProfileCell.swift; sourceTree = "<group>"; };
		9C7346E7274C342300818E5B /* ProfileHeader.swift */ = {isa = PBXFileReference; lastKnownFileType = sourcecode.swift; path = ProfileHeader.swift; sourceTree = "<group>"; };
		9C7346EB274C649100818E5B /* UserService.swift */ = {isa = PBXFileReference; lastKnownFileType = sourcecode.swift; path = UserService.swift; sourceTree = "<group>"; };
		9C7346EF274C679100818E5B /* User.swift */ = {isa = PBXFileReference; lastKnownFileType = sourcecode.swift; path = User.swift; sourceTree = "<group>"; };
		9C7346F3274C6B1E00818E5B /* ProfileHeaderViewModel.swift */ = {isa = PBXFileReference; lastKnownFileType = sourcecode.swift; path = ProfileHeaderViewModel.swift; sourceTree = "<group>"; };
		9CABEF0527484C010022169D /* LoginController.swift */ = {isa = PBXFileReference; lastKnownFileType = sourcecode.swift; path = LoginController.swift; sourceTree = "<group>"; };
		9CABEF0727484C0E0022169D /* RegistrationController.swift */ = {isa = PBXFileReference; lastKnownFileType = sourcecode.swift; path = RegistrationController.swift; sourceTree = "<group>"; };
		9CABEF0A274866680022169D /* AuthTextField.swift */ = {isa = PBXFileReference; lastKnownFileType = sourcecode.swift; path = AuthTextField.swift; sourceTree = "<group>"; };
		9CABEF0C27486D040022169D /* AuthButton.swift */ = {isa = PBXFileReference; lastKnownFileType = sourcecode.swift; path = AuthButton.swift; sourceTree = "<group>"; };
		9CABEF0E274971340022169D /* AuthViewModel.swift */ = {isa = PBXFileReference; lastKnownFileType = sourcecode.swift; path = AuthViewModel.swift; sourceTree = "<group>"; };
		9CD167A0274AF98F0057D3D3 /* ImageUploader.swift */ = {isa = PBXFileReference; lastKnownFileType = sourcecode.swift; path = ImageUploader.swift; sourceTree = "<group>"; };
		9CD167A2274AF99A0057D3D3 /* AuthService.swift */ = {isa = PBXFileReference; lastKnownFileType = sourcecode.swift; path = AuthService.swift; sourceTree = "<group>"; };
		9CFC988B274EDD6E00E20E22 /* UserCell.swift */ = {isa = PBXFileReference; lastKnownFileType = sourcecode.swift; path = UserCell.swift; sourceTree = "<group>"; };
		CAC97696633BE0E9F475CF45 /* Pods-InstagramClone-InstagramCloneUITests.release.xcconfig */ = {isa = PBXFileReference; includeInIndex = 1; lastKnownFileType = text.xcconfig; name = "Pods-InstagramClone-InstagramCloneUITests.release.xcconfig"; path = "Target Support Files/Pods-InstagramClone-InstagramCloneUITests/Pods-InstagramClone-InstagramCloneUITests.release.xcconfig"; sourceTree = "<group>"; };
/* End PBXFileReference section */

/* Begin PBXFrameworksBuildPhase section */
		9C24DBEF27459081001A6F97 /* Frameworks */ = {
			isa = PBXFrameworksBuildPhase;
			buildActionMask = 2147483647;
			files = (
				9C24DC432745C0FD001A6F97 /* Algorithms in Frameworks */,
				F561AEBB6C09E7014A7EB818 /* Pods_InstagramClone.framework in Frameworks */,
			);
			runOnlyForDeploymentPostprocessing = 0;
		};
		9C24DC0827459082001A6F97 /* Frameworks */ = {
			isa = PBXFrameworksBuildPhase;
			buildActionMask = 2147483647;
			files = (
				9A41DDA2B077B12ED2FE7906 /* Pods_InstagramCloneTests.framework in Frameworks */,
			);
			runOnlyForDeploymentPostprocessing = 0;
		};
		9C24DC1227459082001A6F97 /* Frameworks */ = {
			isa = PBXFrameworksBuildPhase;
			buildActionMask = 2147483647;
			files = (
				4170C8CBE293D534B03849BE /* Pods_InstagramClone_InstagramCloneUITests.framework in Frameworks */,
			);
			runOnlyForDeploymentPostprocessing = 0;
		};
/* End PBXFrameworksBuildPhase section */

/* Begin PBXGroup section */
		9C24DBE927459081001A6F97 = {
			isa = PBXGroup;
			children = (
				9C24DBF427459081001A6F97 /* InstagramClone */,
				9C24DC0E27459082001A6F97 /* InstagramCloneTests */,
				9C24DC1827459082001A6F97 /* InstagramCloneUITests */,
				9C24DBF327459081001A6F97 /* Products */,
				E6E1CDF52F29A72D47EBCE1B /* Pods */,
				DC4D462A2872154BA47FD167 /* Frameworks */,
			);
			sourceTree = "<group>";
		};
		9C24DBF327459081001A6F97 /* Products */ = {
			isa = PBXGroup;
			children = (
				9C24DBF227459081001A6F97 /* InstagramClone.app */,
				9C24DC0B27459082001A6F97 /* InstagramCloneTests.xctest */,
				9C24DC1527459082001A6F97 /* InstagramCloneUITests.xctest */,
			);
			name = Products;
			sourceTree = "<group>";
		};
		9C24DBF427459081001A6F97 /* InstagramClone */ = {
			isa = PBXGroup;
			children = (
				9C24DC2C2745938B001A6F97 /* Model */,
				9C24DC2B27459388001A6F97 /* View */,
				9C24DC2A27459386001A6F97 /* ViewModel */,
				9C24DC2927459383001A6F97 /* Controller */,
				9C24DC282745936E001A6F97 /* API */,
				9C24DC2D274593BA001A6F97 /* Utils */,
				9C24DBF527459081001A6F97 /* AppDelegate.swift */,
				9C24DBF727459081001A6F97 /* SceneDelegate.swift */,
				9C24DBF927459081001A6F97 /* ViewController.swift */,
				9C24DC3A27459ED4001A6F97 /* Assets.xcassets */,
				9C24DBFB27459081001A6F97 /* Main.storyboard */,
				9C24DC0327459082001A6F97 /* LaunchScreen.storyboard */,
				9C7346DF274B17A300818E5B /* GoogleService-Info.plist */,
				9C24DC0627459082001A6F97 /* Info.plist */,
				9C24DBFE27459081001A6F97 /* InstagramClone.xcdatamodeld */,
			);
			path = InstagramClone;
			sourceTree = "<group>";
		};
		9C24DC0E27459082001A6F97 /* InstagramCloneTests */ = {
			isa = PBXGroup;
			children = (
				9C24DC0F27459082001A6F97 /* InstagramCloneTests.swift */,
			);
			path = InstagramCloneTests;
			sourceTree = "<group>";
		};
		9C24DC1827459082001A6F97 /* InstagramCloneUITests */ = {
			isa = PBXGroup;
			children = (
				9C24DC1927459082001A6F97 /* InstagramCloneUITests.swift */,
				9C24DC1B27459082001A6F97 /* InstagramCloneUITestsLaunchTests.swift */,
			);
			path = InstagramCloneUITests;
			sourceTree = "<group>";
		};
		9C24DC282745936E001A6F97 /* API */ = {
			isa = PBXGroup;
			children = (
				9CD167A0274AF98F0057D3D3 /* ImageUploader.swift */,
				9CD167A2274AF99A0057D3D3 /* AuthService.swift */,
				9C7346EB274C649100818E5B /* UserService.swift */,
			);
			path = API;
			sourceTree = "<group>";
		};
		9C24DC2927459383001A6F97 /* Controller */ = {
			isa = PBXGroup;
			children = (
				9CABEF0927484C270022169D /* Auth */,
				9C24DC2E27459646001A6F97 /* MainTabController.swift */,
				9C24DC3027459975001A6F97 /* FeedController.swift */,
				9C24DC3227459980001A6F97 /* SearchController.swift */,
				9C24DC342745998C001A6F97 /* ImageSelectorController.swift */,
				9C24DC3627459996001A6F97 /* NotificationController.swift */,
				9C24DC382745999D001A6F97 /* ProfileController.swift */,
			);
			path = Controller;
			sourceTree = "<group>";
		};
		9C24DC2A27459386001A6F97 /* ViewModel */ = {
			isa = PBXGroup;
			children = (
				9CABEF0E274971340022169D /* AuthViewModel.swift */,
				9C7346F3274C6B1E00818E5B /* ProfileHeaderViewModel.swift */,
				9C0512A22751C53E00950F67 /* UserCellViewModel.swift */,
			);
			path = ViewModel;
			sourceTree = "<group>";
		};
		9C24DC2B27459388001A6F97 /* View */ = {
			isa = PBXGroup;
			children = (
				9CABEF0A274866680022169D /* AuthTextField.swift */,
				9CABEF0C27486D040022169D /* AuthButton.swift */,
				9C24DC3E2745C041001A6F97 /* Cell */,
			);
			path = View;
			sourceTree = "<group>";
		};
		9C24DC2C2745938B001A6F97 /* Model */ = {
			isa = PBXGroup;
			children = (
				9C7346EF274C679100818E5B /* User.swift */,
			);
			path = Model;
			sourceTree = "<group>";
		};
		9C24DC2D274593BA001A6F97 /* Utils */ = {
			isa = PBXGroup;
			children = (
				9C24DC3F2745C0A3001A6F97 /* Extensions.swift */,
			);
			path = Utils;
			sourceTree = "<group>";
		};
		9C24DC3E2745C041001A6F97 /* Cell */ = {
			isa = PBXGroup;
			children = (
				9C24DC3C2745BF4A001A6F97 /* FeedCell.swift */,
				9C7346E3274C339800818E5B /* ProfileCell.swift */,
				9C7346E7274C342300818E5B /* ProfileHeader.swift */,
				9CFC988B274EDD6E00E20E22 /* UserCell.swift */,
			);
			path = Cell;
			sourceTree = "<group>";
		};
		9CABEF0927484C270022169D /* Auth */ = {
			isa = PBXGroup;
			children = (
				9CABEF0527484C010022169D /* LoginController.swift */,
				9CABEF0727484C0E0022169D /* RegistrationController.swift */,
			);
			path = Auth;
			sourceTree = "<group>";
		};
		DC4D462A2872154BA47FD167 /* Frameworks */ = {
			isa = PBXGroup;
			children = (
				22EF417A8B1F60C6793BFD7B /* Pods_InstagramClone.framework */,
				3EBC4F30F450D33BF70C9A02 /* Pods_InstagramClone_InstagramCloneUITests.framework */,
				73B45A9CD4BE0C64D3F3C26B /* Pods_InstagramCloneTests.framework */,
			);
			name = Frameworks;
			sourceTree = "<group>";
		};
		E6E1CDF52F29A72D47EBCE1B /* Pods */ = {
			isa = PBXGroup;
			children = (
				550C0393F3ABF42EE3FFC162 /* Pods-InstagramClone.debug.xcconfig */,
				437EC0A5C5BB486662D45961 /* Pods-InstagramClone.release.xcconfig */,
				3E3A19A3D96688027F2917AE /* Pods-InstagramClone-InstagramCloneUITests.debug.xcconfig */,
				CAC97696633BE0E9F475CF45 /* Pods-InstagramClone-InstagramCloneUITests.release.xcconfig */,
				4F77461A41FC31CA238339E7 /* Pods-InstagramCloneTests.debug.xcconfig */,
				30E5C63D877F6B866ECF02C1 /* Pods-InstagramCloneTests.release.xcconfig */,
			);
			path = Pods;
			sourceTree = "<group>";
		};
/* End PBXGroup section */

/* Begin PBXNativeTarget section */
		9C24DBF127459081001A6F97 /* InstagramClone */ = {
			isa = PBXNativeTarget;
			buildConfigurationList = 9C24DC1F27459082001A6F97 /* Build configuration list for PBXNativeTarget "InstagramClone" */;
			buildPhases = (
				C5798E6113ED04CEE3700BBA /* [CP] Check Pods Manifest.lock */,
				9C24DBEE27459081001A6F97 /* Sources */,
				9C24DBEF27459081001A6F97 /* Frameworks */,
				9C24DBF027459081001A6F97 /* Resources */,
				E487E9C272B06F21D1200FB6 /* [CP] Embed Pods Frameworks */,
			);
			buildRules = (
			);
			dependencies = (
			);
			name = InstagramClone;
			packageProductDependencies = (
				9C24DC422745C0FD001A6F97 /* Algorithms */,
			);
			productName = InstagramClone;
			productReference = 9C24DBF227459081001A6F97 /* InstagramClone.app */;
			productType = "com.apple.product-type.application";
		};
		9C24DC0A27459082001A6F97 /* InstagramCloneTests */ = {
			isa = PBXNativeTarget;
			buildConfigurationList = 9C24DC2227459082001A6F97 /* Build configuration list for PBXNativeTarget "InstagramCloneTests" */;
			buildPhases = (
				6BDFE325F1B32ED2BB70AFDF /* [CP] Check Pods Manifest.lock */,
				9C24DC0727459082001A6F97 /* Sources */,
				9C24DC0827459082001A6F97 /* Frameworks */,
				9C24DC0927459082001A6F97 /* Resources */,
			);
			buildRules = (
			);
			dependencies = (
				9C24DC0D27459082001A6F97 /* PBXTargetDependency */,
			);
			name = InstagramCloneTests;
			productName = InstagramCloneTests;
			productReference = 9C24DC0B27459082001A6F97 /* InstagramCloneTests.xctest */;
			productType = "com.apple.product-type.bundle.unit-test";
		};
		9C24DC1427459082001A6F97 /* InstagramCloneUITests */ = {
			isa = PBXNativeTarget;
			buildConfigurationList = 9C24DC2527459082001A6F97 /* Build configuration list for PBXNativeTarget "InstagramCloneUITests" */;
			buildPhases = (
				626CB7DF4B4E8F8D3533E87A /* [CP] Check Pods Manifest.lock */,
				9C24DC1127459082001A6F97 /* Sources */,
				9C24DC1227459082001A6F97 /* Frameworks */,
				9C24DC1327459082001A6F97 /* Resources */,
				DF7B8CBD734433868437425E /* [CP] Embed Pods Frameworks */,
			);
			buildRules = (
			);
			dependencies = (
				9C24DC1727459082001A6F97 /* PBXTargetDependency */,
			);
			name = InstagramCloneUITests;
			productName = InstagramCloneUITests;
			productReference = 9C24DC1527459082001A6F97 /* InstagramCloneUITests.xctest */;
			productType = "com.apple.product-type.bundle.ui-testing";
		};
/* End PBXNativeTarget section */

/* Begin PBXProject section */
		9C24DBEA27459081001A6F97 /* Project object */ = {
			isa = PBXProject;
			attributes = {
				BuildIndependentTargetsInParallel = 1;
				LastSwiftUpdateCheck = 1310;
				LastUpgradeCheck = 1310;
				TargetAttributes = {
					9C24DBF127459081001A6F97 = {
						CreatedOnToolsVersion = 13.1;
					};
					9C24DC0A27459082001A6F97 = {
						CreatedOnToolsVersion = 13.1;
						TestTargetID = 9C24DBF127459081001A6F97;
					};
					9C24DC1427459082001A6F97 = {
						CreatedOnToolsVersion = 13.1;
						TestTargetID = 9C24DBF127459081001A6F97;
					};
				};
			};
			buildConfigurationList = 9C24DBED27459081001A6F97 /* Build configuration list for PBXProject "InstagramClone" */;
			compatibilityVersion = "Xcode 13.0";
			developmentRegion = en;
			hasScannedForEncodings = 0;
			knownRegions = (
				en,
				Base,
			);
			mainGroup = 9C24DBE927459081001A6F97;
			packageReferences = (
				9C24DC412745C0FD001A6F97 /* XCRemoteSwiftPackageReference "swift-algorithms" */,
			);
			productRefGroup = 9C24DBF327459081001A6F97 /* Products */;
			projectDirPath = "";
			projectRoot = "";
			targets = (
				9C24DBF127459081001A6F97 /* InstagramClone */,
				9C24DC0A27459082001A6F97 /* InstagramCloneTests */,
				9C24DC1427459082001A6F97 /* InstagramCloneUITests */,
			);
		};
/* End PBXProject section */

/* Begin PBXResourcesBuildPhase section */
		9C24DBF027459081001A6F97 /* Resources */ = {
			isa = PBXResourcesBuildPhase;
			buildActionMask = 2147483647;
			files = (
				9C24DC0527459082001A6F97 /* LaunchScreen.storyboard in Resources */,
				9C7346E0274B17A300818E5B /* GoogleService-Info.plist in Resources */,
				9C24DC3B27459ED4001A6F97 /* Assets.xcassets in Resources */,
				9C24DBFD27459081001A6F97 /* Main.storyboard in Resources */,
			);
			runOnlyForDeploymentPostprocessing = 0;
		};
		9C24DC0927459082001A6F97 /* Resources */ = {
			isa = PBXResourcesBuildPhase;
			buildActionMask = 2147483647;
			files = (
				9C7346E1274B17A300818E5B /* GoogleService-Info.plist in Resources */,
			);
			runOnlyForDeploymentPostprocessing = 0;
		};
		9C24DC1327459082001A6F97 /* Resources */ = {
			isa = PBXResourcesBuildPhase;
			buildActionMask = 2147483647;
			files = (
				9C7346E2274B17A300818E5B /* GoogleService-Info.plist in Resources */,
			);
			runOnlyForDeploymentPostprocessing = 0;
		};
/* End PBXResourcesBuildPhase section */

/* Begin PBXShellScriptBuildPhase section */
		626CB7DF4B4E8F8D3533E87A /* [CP] Check Pods Manifest.lock */ = {
			isa = PBXShellScriptBuildPhase;
			buildActionMask = 2147483647;
			files = (
			);
			inputFileListPaths = (
			);
			inputPaths = (
				"${PODS_PODFILE_DIR_PATH}/Podfile.lock",
				"${PODS_ROOT}/Manifest.lock",
			);
			name = "[CP] Check Pods Manifest.lock";
			outputFileListPaths = (
			);
			outputPaths = (
				"$(DERIVED_FILE_DIR)/Pods-InstagramClone-InstagramCloneUITests-checkManifestLockResult.txt",
			);
			runOnlyForDeploymentPostprocessing = 0;
			shellPath = /bin/sh;
			shellScript = "diff \"${PODS_PODFILE_DIR_PATH}/Podfile.lock\" \"${PODS_ROOT}/Manifest.lock\" > /dev/null\nif [ $? != 0 ] ; then\n    # print error to STDERR\n    echo \"error: The sandbox is not in sync with the Podfile.lock. Run 'pod install' or update your CocoaPods installation.\" >&2\n    exit 1\nfi\n# This output is used by Xcode 'outputs' to avoid re-running this script phase.\necho \"SUCCESS\" > \"${SCRIPT_OUTPUT_FILE_0}\"\n";
			showEnvVarsInLog = 0;
		};
		6BDFE325F1B32ED2BB70AFDF /* [CP] Check Pods Manifest.lock */ = {
			isa = PBXShellScriptBuildPhase;
			buildActionMask = 2147483647;
			files = (
			);
			inputFileListPaths = (
			);
			inputPaths = (
				"${PODS_PODFILE_DIR_PATH}/Podfile.lock",
				"${PODS_ROOT}/Manifest.lock",
			);
			name = "[CP] Check Pods Manifest.lock";
			outputFileListPaths = (
			);
			outputPaths = (
				"$(DERIVED_FILE_DIR)/Pods-InstagramCloneTests-checkManifestLockResult.txt",
			);
			runOnlyForDeploymentPostprocessing = 0;
			shellPath = /bin/sh;
			shellScript = "diff \"${PODS_PODFILE_DIR_PATH}/Podfile.lock\" \"${PODS_ROOT}/Manifest.lock\" > /dev/null\nif [ $? != 0 ] ; then\n    # print error to STDERR\n    echo \"error: The sandbox is not in sync with the Podfile.lock. Run 'pod install' or update your CocoaPods installation.\" >&2\n    exit 1\nfi\n# This output is used by Xcode 'outputs' to avoid re-running this script phase.\necho \"SUCCESS\" > \"${SCRIPT_OUTPUT_FILE_0}\"\n";
			showEnvVarsInLog = 0;
		};
		C5798E6113ED04CEE3700BBA /* [CP] Check Pods Manifest.lock */ = {
			isa = PBXShellScriptBuildPhase;
			buildActionMask = 2147483647;
			files = (
			);
			inputFileListPaths = (
			);
			inputPaths = (
				"${PODS_PODFILE_DIR_PATH}/Podfile.lock",
				"${PODS_ROOT}/Manifest.lock",
			);
			name = "[CP] Check Pods Manifest.lock";
			outputFileListPaths = (
			);
			outputPaths = (
				"$(DERIVED_FILE_DIR)/Pods-InstagramClone-checkManifestLockResult.txt",
			);
			runOnlyForDeploymentPostprocessing = 0;
			shellPath = /bin/sh;
			shellScript = "diff \"${PODS_PODFILE_DIR_PATH}/Podfile.lock\" \"${PODS_ROOT}/Manifest.lock\" > /dev/null\nif [ $? != 0 ] ; then\n    # print error to STDERR\n    echo \"error: The sandbox is not in sync with the Podfile.lock. Run 'pod install' or update your CocoaPods installation.\" >&2\n    exit 1\nfi\n# This output is used by Xcode 'outputs' to avoid re-running this script phase.\necho \"SUCCESS\" > \"${SCRIPT_OUTPUT_FILE_0}\"\n";
			showEnvVarsInLog = 0;
		};
		DF7B8CBD734433868437425E /* [CP] Embed Pods Frameworks */ = {
			isa = PBXShellScriptBuildPhase;
			buildActionMask = 2147483647;
			files = (
			);
			inputFileListPaths = (
				"${PODS_ROOT}/Target Support Files/Pods-InstagramClone-InstagramCloneUITests/Pods-InstagramClone-InstagramCloneUITests-frameworks-${CONFIGURATION}-input-files.xcfilelist",
			);
			name = "[CP] Embed Pods Frameworks";
			outputFileListPaths = (
				"${PODS_ROOT}/Target Support Files/Pods-InstagramClone-InstagramCloneUITests/Pods-InstagramClone-InstagramCloneUITests-frameworks-${CONFIGURATION}-output-files.xcfilelist",
			);
			runOnlyForDeploymentPostprocessing = 0;
			shellPath = /bin/sh;
			shellScript = "\"${PODS_ROOT}/Target Support Files/Pods-InstagramClone-InstagramCloneUITests/Pods-InstagramClone-InstagramCloneUITests-frameworks.sh\"\n";
			showEnvVarsInLog = 0;
		};
		E487E9C272B06F21D1200FB6 /* [CP] Embed Pods Frameworks */ = {
			isa = PBXShellScriptBuildPhase;
			buildActionMask = 2147483647;
			files = (
			);
			inputFileListPaths = (
				"${PODS_ROOT}/Target Support Files/Pods-InstagramClone/Pods-InstagramClone-frameworks-${CONFIGURATION}-input-files.xcfilelist",
			);
			name = "[CP] Embed Pods Frameworks";
			outputFileListPaths = (
				"${PODS_ROOT}/Target Support Files/Pods-InstagramClone/Pods-InstagramClone-frameworks-${CONFIGURATION}-output-files.xcfilelist",
			);
			runOnlyForDeploymentPostprocessing = 0;
			shellPath = /bin/sh;
			shellScript = "\"${PODS_ROOT}/Target Support Files/Pods-InstagramClone/Pods-InstagramClone-frameworks.sh\"\n";
			showEnvVarsInLog = 0;
		};
/* End PBXShellScriptBuildPhase section */

/* Begin PBXSourcesBuildPhase section */
		9C24DBEE27459081001A6F97 /* Sources */ = {
			isa = PBXSourcesBuildPhase;
			buildActionMask = 2147483647;
			files = (
				9C24DC352745998C001A6F97 /* ImageSelectorController.swift in Sources */,
				9C24DBFA27459081001A6F97 /* ViewController.swift in Sources */,
				9C24DC3127459975001A6F97 /* FeedController.swift in Sources */,
				9CABEF0627484C010022169D /* LoginController.swift in Sources */,
				9C24DBF627459081001A6F97 /* AppDelegate.swift in Sources */,
				9CD167A1274AF98F0057D3D3 /* ImageUploader.swift in Sources */,
				9C7346F4274C6B1E00818E5B /* ProfileHeaderViewModel.swift in Sources */,
				9CD167A3274AF99B0057D3D3 /* AuthService.swift in Sources */,
				9C24DC3D2745BF4A001A6F97 /* FeedCell.swift in Sources */,
				9CABEF0B274866680022169D /* AuthTextField.swift in Sources */,
				9C7346E4274C339800818E5B /* ProfileCell.swift in Sources */,
				9CABEF0F274971340022169D /* AuthViewModel.swift in Sources */,
				9C24DC3327459980001A6F97 /* SearchController.swift in Sources */,
				9CFC988C274EDD6E00E20E22 /* UserCell.swift in Sources */,
				9C24DC392745999D001A6F97 /* ProfileController.swift in Sources */,
				9C0512A32751C53E00950F67 /* UserCellViewModel.swift in Sources */,
				9CABEF0D27486D040022169D /* AuthButton.swift in Sources */,
				9C7346E8274C342300818E5B /* ProfileHeader.swift in Sources */,
				9C24DC402745C0A3001A6F97 /* Extensions.swift in Sources */,
				9CABEF0827484C0E0022169D /* RegistrationController.swift in Sources */,
				9C24DC2F27459646001A6F97 /* MainTabController.swift in Sources */,
				9C24DC3727459996001A6F97 /* NotificationController.swift in Sources */,
				9C24DC0027459081001A6F97 /* InstagramClone.xcdatamodeld in Sources */,
				9C24DBF827459081001A6F97 /* SceneDelegate.swift in Sources */,
				9C7346EC274C649100818E5B /* UserService.swift in Sources */,
				9C7346F0274C679100818E5B /* User.swift in Sources */,
			);
			runOnlyForDeploymentPostprocessing = 0;
		};
		9C24DC0727459082001A6F97 /* Sources */ = {
			isa = PBXSourcesBuildPhase;
			buildActionMask = 2147483647;
			files = (
				9C7346F5274C6B1E00818E5B /* ProfileHeaderViewModel.swift in Sources */,
				9C24DC1027459082001A6F97 /* InstagramCloneTests.swift in Sources */,
				9C7346ED274C649100818E5B /* UserService.swift in Sources */,
				9C7346E5274C339800818E5B /* ProfileCell.swift in Sources */,
				9C7346F1274C679100818E5B /* User.swift in Sources */,
				9C7346E9274C342300818E5B /* ProfileHeader.swift in Sources */,
			);
			runOnlyForDeploymentPostprocessing = 0;
		};
		9C24DC1127459082001A6F97 /* Sources */ = {
			isa = PBXSourcesBuildPhase;
			buildActionMask = 2147483647;
			files = (
				9C7346EA274C342300818E5B /* ProfileHeader.swift in Sources */,
				9C7346E6274C339800818E5B /* ProfileCell.swift in Sources */,
				9C7346F2274C679100818E5B /* User.swift in Sources */,
				9C24DC1A27459082001A6F97 /* InstagramCloneUITests.swift in Sources */,
				9C24DC1C27459082001A6F97 /* InstagramCloneUITestsLaunchTests.swift in Sources */,
				9C7346EE274C649100818E5B /* UserService.swift in Sources */,
				9C7346F6274C6B1E00818E5B /* ProfileHeaderViewModel.swift in Sources */,
			);
			runOnlyForDeploymentPostprocessing = 0;
		};
/* End PBXSourcesBuildPhase section */

/* Begin PBXTargetDependency section */
		9C24DC0D27459082001A6F97 /* PBXTargetDependency */ = {
			isa = PBXTargetDependency;
			target = 9C24DBF127459081001A6F97 /* InstagramClone */;
			targetProxy = 9C24DC0C27459082001A6F97 /* PBXContainerItemProxy */;
		};
		9C24DC1727459082001A6F97 /* PBXTargetDependency */ = {
			isa = PBXTargetDependency;
			target = 9C24DBF127459081001A6F97 /* InstagramClone */;
			targetProxy = 9C24DC1627459082001A6F97 /* PBXContainerItemProxy */;
		};
/* End PBXTargetDependency section */

/* Begin PBXVariantGroup section */
		9C24DBFB27459081001A6F97 /* Main.storyboard */ = {
			isa = PBXVariantGroup;
			children = (
				9C24DBFC27459081001A6F97 /* Base */,
			);
			name = Main.storyboard;
			sourceTree = "<group>";
		};
		9C24DC0327459082001A6F97 /* LaunchScreen.storyboard */ = {
			isa = PBXVariantGroup;
			children = (
				9C24DC0427459082001A6F97 /* Base */,
			);
			name = LaunchScreen.storyboard;
			sourceTree = "<group>";
		};
/* End PBXVariantGroup section */

/* Begin XCBuildConfiguration section */
		9C24DC1D27459082001A6F97 /* Debug */ = {
			isa = XCBuildConfiguration;
			buildSettings = {
				ALWAYS_SEARCH_USER_PATHS = NO;
				CLANG_ANALYZER_NONNULL = YES;
				CLANG_ANALYZER_NUMBER_OBJECT_CONVERSION = YES_AGGRESSIVE;
				CLANG_CXX_LANGUAGE_STANDARD = "gnu++17";
				CLANG_CXX_LIBRARY = "libc++";
				CLANG_ENABLE_MODULES = YES;
				CLANG_ENABLE_OBJC_ARC = YES;
				CLANG_ENABLE_OBJC_WEAK = YES;
				CLANG_WARN_BLOCK_CAPTURE_AUTORELEASING = YES;
				CLANG_WARN_BOOL_CONVERSION = YES;
				CLANG_WARN_COMMA = YES;
				CLANG_WARN_CONSTANT_CONVERSION = YES;
				CLANG_WARN_DEPRECATED_OBJC_IMPLEMENTATIONS = YES;
				CLANG_WARN_DIRECT_OBJC_ISA_USAGE = YES_ERROR;
				CLANG_WARN_DOCUMENTATION_COMMENTS = YES;
				CLANG_WARN_EMPTY_BODY = YES;
				CLANG_WARN_ENUM_CONVERSION = YES;
				CLANG_WARN_INFINITE_RECURSION = YES;
				CLANG_WARN_INT_CONVERSION = YES;
				CLANG_WARN_NON_LITERAL_NULL_CONVERSION = YES;
				CLANG_WARN_OBJC_IMPLICIT_RETAIN_SELF = YES;
				CLANG_WARN_OBJC_LITERAL_CONVERSION = YES;
				CLANG_WARN_OBJC_ROOT_CLASS = YES_ERROR;
				CLANG_WARN_QUOTED_INCLUDE_IN_FRAMEWORK_HEADER = YES;
				CLANG_WARN_RANGE_LOOP_ANALYSIS = YES;
				CLANG_WARN_STRICT_PROTOTYPES = YES;
				CLANG_WARN_SUSPICIOUS_MOVE = YES;
				CLANG_WARN_UNGUARDED_AVAILABILITY = YES_AGGRESSIVE;
				CLANG_WARN_UNREACHABLE_CODE = YES;
				CLANG_WARN__DUPLICATE_METHOD_MATCH = YES;
				COPY_PHASE_STRIP = NO;
				DEBUG_INFORMATION_FORMAT = dwarf;
				ENABLE_STRICT_OBJC_MSGSEND = YES;
				ENABLE_TESTABILITY = YES;
				GCC_C_LANGUAGE_STANDARD = gnu11;
				GCC_DYNAMIC_NO_PIC = NO;
				GCC_NO_COMMON_BLOCKS = YES;
				GCC_OPTIMIZATION_LEVEL = 0;
				GCC_PREPROCESSOR_DEFINITIONS = (
					"DEBUG=1",
					"$(inherited)",
				);
				GCC_WARN_64_TO_32_BIT_CONVERSION = YES;
				GCC_WARN_ABOUT_RETURN_TYPE = YES_ERROR;
				GCC_WARN_UNDECLARED_SELECTOR = YES;
				GCC_WARN_UNINITIALIZED_AUTOS = YES_AGGRESSIVE;
				GCC_WARN_UNUSED_FUNCTION = YES;
				GCC_WARN_UNUSED_VARIABLE = YES;
				IPHONEOS_DEPLOYMENT_TARGET = 15.0;
				MTL_ENABLE_DEBUG_INFO = INCLUDE_SOURCE;
				MTL_FAST_MATH = YES;
				ONLY_ACTIVE_ARCH = YES;
				SDKROOT = iphoneos;
				SWIFT_ACTIVE_COMPILATION_CONDITIONS = DEBUG;
				SWIFT_OPTIMIZATION_LEVEL = "-Onone";
			};
			name = Debug;
		};
		9C24DC1E27459082001A6F97 /* Release */ = {
			isa = XCBuildConfiguration;
			buildSettings = {
				ALWAYS_SEARCH_USER_PATHS = NO;
				CLANG_ANALYZER_NONNULL = YES;
				CLANG_ANALYZER_NUMBER_OBJECT_CONVERSION = YES_AGGRESSIVE;
				CLANG_CXX_LANGUAGE_STANDARD = "gnu++17";
				CLANG_CXX_LIBRARY = "libc++";
				CLANG_ENABLE_MODULES = YES;
				CLANG_ENABLE_OBJC_ARC = YES;
				CLANG_ENABLE_OBJC_WEAK = YES;
				CLANG_WARN_BLOCK_CAPTURE_AUTORELEASING = YES;
				CLANG_WARN_BOOL_CONVERSION = YES;
				CLANG_WARN_COMMA = YES;
				CLANG_WARN_CONSTANT_CONVERSION = YES;
				CLANG_WARN_DEPRECATED_OBJC_IMPLEMENTATIONS = YES;
				CLANG_WARN_DIRECT_OBJC_ISA_USAGE = YES_ERROR;
				CLANG_WARN_DOCUMENTATION_COMMENTS = YES;
				CLANG_WARN_EMPTY_BODY = YES;
				CLANG_WARN_ENUM_CONVERSION = YES;
				CLANG_WARN_INFINITE_RECURSION = YES;
				CLANG_WARN_INT_CONVERSION = YES;
				CLANG_WARN_NON_LITERAL_NULL_CONVERSION = YES;
				CLANG_WARN_OBJC_IMPLICIT_RETAIN_SELF = YES;
				CLANG_WARN_OBJC_LITERAL_CONVERSION = YES;
				CLANG_WARN_OBJC_ROOT_CLASS = YES_ERROR;
				CLANG_WARN_QUOTED_INCLUDE_IN_FRAMEWORK_HEADER = YES;
				CLANG_WARN_RANGE_LOOP_ANALYSIS = YES;
				CLANG_WARN_STRICT_PROTOTYPES = YES;
				CLANG_WARN_SUSPICIOUS_MOVE = YES;
				CLANG_WARN_UNGUARDED_AVAILABILITY = YES_AGGRESSIVE;
				CLANG_WARN_UNREACHABLE_CODE = YES;
				CLANG_WARN__DUPLICATE_METHOD_MATCH = YES;
				COPY_PHASE_STRIP = NO;
				DEBUG_INFORMATION_FORMAT = "dwarf-with-dsym";
				ENABLE_NS_ASSERTIONS = NO;
				ENABLE_STRICT_OBJC_MSGSEND = YES;
				GCC_C_LANGUAGE_STANDARD = gnu11;
				GCC_NO_COMMON_BLOCKS = YES;
				GCC_WARN_64_TO_32_BIT_CONVERSION = YES;
				GCC_WARN_ABOUT_RETURN_TYPE = YES_ERROR;
				GCC_WARN_UNDECLARED_SELECTOR = YES;
				GCC_WARN_UNINITIALIZED_AUTOS = YES_AGGRESSIVE;
				GCC_WARN_UNUSED_FUNCTION = YES;
				GCC_WARN_UNUSED_VARIABLE = YES;
				IPHONEOS_DEPLOYMENT_TARGET = 15.0;
				MTL_ENABLE_DEBUG_INFO = NO;
				MTL_FAST_MATH = YES;
				SDKROOT = iphoneos;
				SWIFT_COMPILATION_MODE = wholemodule;
				SWIFT_OPTIMIZATION_LEVEL = "-O";
				VALIDATE_PRODUCT = YES;
			};
			name = Release;
		};
		9C24DC2027459082001A6F97 /* Debug */ = {
			isa = XCBuildConfiguration;
			baseConfigurationReference = 550C0393F3ABF42EE3FFC162 /* Pods-InstagramClone.debug.xcconfig */;
			buildSettings = {
				ASSETCATALOG_COMPILER_APPICON_NAME = AppIcon;
				ASSETCATALOG_COMPILER_GLOBAL_ACCENT_COLOR_NAME = AccentColor;
				CODE_SIGN_STYLE = Automatic;
				CURRENT_PROJECT_VERSION = 1;
				DEVELOPMENT_TEAM = 4CGJ66G3BY;
				GENERATE_INFOPLIST_FILE = YES;
				INFOPLIST_FILE = InstagramClone/Info.plist;
				INFOPLIST_KEY_UIApplicationSupportsIndirectInputEvents = YES;
				INFOPLIST_KEY_UILaunchStoryboardName = LaunchScreen;
				INFOPLIST_KEY_UIMainStoryboardFile = Main;
				INFOPLIST_KEY_UISupportedInterfaceOrientations_iPad = "UIInterfaceOrientationPortrait UIInterfaceOrientationPortraitUpsideDown UIInterfaceOrientationLandscapeLeft UIInterfaceOrientationLandscapeRight";
				INFOPLIST_KEY_UISupportedInterfaceOrientations_iPhone = "UIInterfaceOrientationPortrait UIInterfaceOrientationLandscapeLeft UIInterfaceOrientationLandscapeRight";
				LD_RUNPATH_SEARCH_PATHS = (
					"$(inherited)",
					"@executable_path/Frameworks",
				);
				MARKETING_VERSION = 1.0;
				PRODUCT_BUNDLE_IDENTIFIER = "Dinara-Zimanova.InstagramClone";
				PRODUCT_NAME = "$(TARGET_NAME)";
				SWIFT_EMIT_LOC_STRINGS = YES;
				SWIFT_VERSION = 5.0;
				TARGETED_DEVICE_FAMILY = "1,2";
			};
			name = Debug;
		};
		9C24DC2127459082001A6F97 /* Release */ = {
			isa = XCBuildConfiguration;
			baseConfigurationReference = 437EC0A5C5BB486662D45961 /* Pods-InstagramClone.release.xcconfig */;
			buildSettings = {
				ASSETCATALOG_COMPILER_APPICON_NAME = AppIcon;
				ASSETCATALOG_COMPILER_GLOBAL_ACCENT_COLOR_NAME = AccentColor;
				CODE_SIGN_STYLE = Automatic;
				CURRENT_PROJECT_VERSION = 1;
				DEVELOPMENT_TEAM = 4CGJ66G3BY;
				GENERATE_INFOPLIST_FILE = YES;
				INFOPLIST_FILE = InstagramClone/Info.plist;
				INFOPLIST_KEY_UIApplicationSupportsIndirectInputEvents = YES;
				INFOPLIST_KEY_UILaunchStoryboardName = LaunchScreen;
				INFOPLIST_KEY_UIMainStoryboardFile = Main;
				INFOPLIST_KEY_UISupportedInterfaceOrientations_iPad = "UIInterfaceOrientationPortrait UIInterfaceOrientationPortraitUpsideDown UIInterfaceOrientationLandscapeLeft UIInterfaceOrientationLandscapeRight";
				INFOPLIST_KEY_UISupportedInterfaceOrientations_iPhone = "UIInterfaceOrientationPortrait UIInterfaceOrientationLandscapeLeft UIInterfaceOrientationLandscapeRight";
				LD_RUNPATH_SEARCH_PATHS = (
					"$(inherited)",
					"@executable_path/Frameworks",
				);
				MARKETING_VERSION = 1.0;
				PRODUCT_BUNDLE_IDENTIFIER = "Dinara-Zimanova.InstagramClone";
				PRODUCT_NAME = "$(TARGET_NAME)";
				SWIFT_EMIT_LOC_STRINGS = YES;
				SWIFT_VERSION = 5.0;
				TARGETED_DEVICE_FAMILY = "1,2";
			};
			name = Release;
		};
		9C24DC2327459082001A6F97 /* Debug */ = {
			isa = XCBuildConfiguration;
			baseConfigurationReference = 4F77461A41FC31CA238339E7 /* Pods-InstagramCloneTests.debug.xcconfig */;
			buildSettings = {
				ALWAYS_EMBED_SWIFT_STANDARD_LIBRARIES = YES;
				BUNDLE_LOADER = "$(TEST_HOST)";
				CODE_SIGN_STYLE = Automatic;
				CURRENT_PROJECT_VERSION = 1;
				DEVELOPMENT_TEAM = 4CGJ66G3BY;
				GENERATE_INFOPLIST_FILE = YES;
				IPHONEOS_DEPLOYMENT_TARGET = 15.0;
				LD_RUNPATH_SEARCH_PATHS = (
					"$(inherited)",
					"@executable_path/Frameworks",
					"@loader_path/Frameworks",
				);
				MARKETING_VERSION = 1.0;
				PRODUCT_BUNDLE_IDENTIFIER = "Dinara-Zimanova.InstagramCloneTests";
				PRODUCT_NAME = "$(TARGET_NAME)";
				SWIFT_EMIT_LOC_STRINGS = NO;
				SWIFT_VERSION = 5.0;
				TARGETED_DEVICE_FAMILY = "1,2";
				TEST_HOST = "$(BUILT_PRODUCTS_DIR)/InstagramClone.app/InstagramClone";
			};
			name = Debug;
		};
		9C24DC2427459082001A6F97 /* Release */ = {
			isa = XCBuildConfiguration;
			baseConfigurationReference = 30E5C63D877F6B866ECF02C1 /* Pods-InstagramCloneTests.release.xcconfig */;
			buildSettings = {
				ALWAYS_EMBED_SWIFT_STANDARD_LIBRARIES = YES;
				BUNDLE_LOADER = "$(TEST_HOST)";
				CODE_SIGN_STYLE = Automatic;
				CURRENT_PROJECT_VERSION = 1;
				DEVELOPMENT_TEAM = 4CGJ66G3BY;
				GENERATE_INFOPLIST_FILE = YES;
				IPHONEOS_DEPLOYMENT_TARGET = 15.0;
				LD_RUNPATH_SEARCH_PATHS = (
					"$(inherited)",
					"@executable_path/Frameworks",
					"@loader_path/Frameworks",
				);
				MARKETING_VERSION = 1.0;
				PRODUCT_BUNDLE_IDENTIFIER = "Dinara-Zimanova.InstagramCloneTests";
				PRODUCT_NAME = "$(TARGET_NAME)";
				SWIFT_EMIT_LOC_STRINGS = NO;
				SWIFT_VERSION = 5.0;
				TARGETED_DEVICE_FAMILY = "1,2";
				TEST_HOST = "$(BUILT_PRODUCTS_DIR)/InstagramClone.app/InstagramClone";
			};
			name = Release;
		};
		9C24DC2627459082001A6F97 /* Debug */ = {
			isa = XCBuildConfiguration;
			baseConfigurationReference = 3E3A19A3D96688027F2917AE /* Pods-InstagramClone-InstagramCloneUITests.debug.xcconfig */;
			buildSettings = {
				ALWAYS_EMBED_SWIFT_STANDARD_LIBRARIES = YES;
				CODE_SIGN_STYLE = Automatic;
				CURRENT_PROJECT_VERSION = 1;
				DEVELOPMENT_TEAM = 4CGJ66G3BY;
				GENERATE_INFOPLIST_FILE = YES;
				LD_RUNPATH_SEARCH_PATHS = (
					"$(inherited)",
					"@executable_path/Frameworks",
					"@loader_path/Frameworks",
				);
				MARKETING_VERSION = 1.0;
				PRODUCT_BUNDLE_IDENTIFIER = "Dinara-Zimanova.InstagramCloneUITests";
				PRODUCT_NAME = "$(TARGET_NAME)";
				SWIFT_EMIT_LOC_STRINGS = NO;
				SWIFT_VERSION = 5.0;
				TARGETED_DEVICE_FAMILY = "1,2";
				TEST_TARGET_NAME = InstagramClone;
			};
			name = Debug;
		};
		9C24DC2727459082001A6F97 /* Release */ = {
			isa = XCBuildConfiguration;
			baseConfigurationReference = CAC97696633BE0E9F475CF45 /* Pods-InstagramClone-InstagramCloneUITests.release.xcconfig */;
			buildSettings = {
				ALWAYS_EMBED_SWIFT_STANDARD_LIBRARIES = YES;
				CODE_SIGN_STYLE = Automatic;
				CURRENT_PROJECT_VERSION = 1;
				DEVELOPMENT_TEAM = 4CGJ66G3BY;
				GENERATE_INFOPLIST_FILE = YES;
				LD_RUNPATH_SEARCH_PATHS = (
					"$(inherited)",
					"@executable_path/Frameworks",
					"@loader_path/Frameworks",
				);
				MARKETING_VERSION = 1.0;
				PRODUCT_BUNDLE_IDENTIFIER = "Dinara-Zimanova.InstagramCloneUITests";
				PRODUCT_NAME = "$(TARGET_NAME)";
				SWIFT_EMIT_LOC_STRINGS = NO;
				SWIFT_VERSION = 5.0;
				TARGETED_DEVICE_FAMILY = "1,2";
				TEST_TARGET_NAME = InstagramClone;
			};
			name = Release;
		};
/* End XCBuildConfiguration section */

/* Begin XCConfigurationList section */
		9C24DBED27459081001A6F97 /* Build configuration list for PBXProject "InstagramClone" */ = {
			isa = XCConfigurationList;
			buildConfigurations = (
				9C24DC1D27459082001A6F97 /* Debug */,
				9C24DC1E27459082001A6F97 /* Release */,
			);
			defaultConfigurationIsVisible = 0;
			defaultConfigurationName = Release;
		};
		9C24DC1F27459082001A6F97 /* Build configuration list for PBXNativeTarget "InstagramClone" */ = {
			isa = XCConfigurationList;
			buildConfigurations = (
				9C24DC2027459082001A6F97 /* Debug */,
				9C24DC2127459082001A6F97 /* Release */,
			);
			defaultConfigurationIsVisible = 0;
			defaultConfigurationName = Release;
		};
		9C24DC2227459082001A6F97 /* Build configuration list for PBXNativeTarget "InstagramCloneTests" */ = {
			isa = XCConfigurationList;
			buildConfigurations = (
				9C24DC2327459082001A6F97 /* Debug */,
				9C24DC2427459082001A6F97 /* Release */,
			);
			defaultConfigurationIsVisible = 0;
			defaultConfigurationName = Release;
		};
		9C24DC2527459082001A6F97 /* Build configuration list for PBXNativeTarget "InstagramCloneUITests" */ = {
			isa = XCConfigurationList;
			buildConfigurations = (
				9C24DC2627459082001A6F97 /* Debug */,
				9C24DC2727459082001A6F97 /* Release */,
			);
			defaultConfigurationIsVisible = 0;
			defaultConfigurationName = Release;
		};
/* End XCConfigurationList section */

/* Begin XCRemoteSwiftPackageReference section */
		9C24DC412745C0FD001A6F97 /* XCRemoteSwiftPackageReference "swift-algorithms" */ = {
			isa = XCRemoteSwiftPackageReference;
			repositoryURL = "https://github.com/apple/swift-algorithms.git";
			requirement = {
				kind = upToNextMajorVersion;
				minimumVersion = 1.0.0;
			};
		};
/* End XCRemoteSwiftPackageReference section */

/* Begin XCSwiftPackageProductDependency section */
		9C24DC422745C0FD001A6F97 /* Algorithms */ = {
			isa = XCSwiftPackageProductDependency;
			package = 9C24DC412745C0FD001A6F97 /* XCRemoteSwiftPackageReference "swift-algorithms" */;
			productName = Algorithms;
		};
/* End XCSwiftPackageProductDependency section */

/* Begin XCVersionGroup section */
		9C24DBFE27459081001A6F97 /* InstagramClone.xcdatamodeld */ = {
			isa = XCVersionGroup;
			children = (
				9C24DBFF27459081001A6F97 /* InstagramClone.xcdatamodel */,
			);
			currentVersion = 9C24DBFF27459081001A6F97 /* InstagramClone.xcdatamodel */;
			path = InstagramClone.xcdatamodeld;
			sourceTree = "<group>";
			versionGroupType = wrapper.xcdatamodel;
		};
/* End XCVersionGroup section */
	};
	rootObject = 9C24DBEA27459081001A6F97 /* Project object */;
}
